// !$*UTF8*$!
{
	archiveVersion = 1;
	classes = {
	};
	objectVersion = 46;
	objects = {

/* Begin PBXBuildFile section */
		876A6F081C46D7E700962441 /* main.m in Sources */ = {isa = PBXBuildFile; fileRef = 876A6F071C46D7E700962441 /* main.m */; };
		876A6F0B1C46D7E700962441 /* AppDelegate.m in Sources */ = {isa = PBXBuildFile; fileRef = 876A6F0A1C46D7E700962441 /* AppDelegate.m */; };
		876A6F0E1C46D7E700962441 /* ViewController.m in Sources */ = {isa = PBXBuildFile; fileRef = 876A6F0D1C46D7E700962441 /* ViewController.m */; };
		876A6F111C46D7E700962441 /* Main.storyboard in Resources */ = {isa = PBXBuildFile; fileRef = 876A6F0F1C46D7E700962441 /* Main.storyboard */; };
		876A6F141C46D7E700962441 /* FastLane.xcdatamodeld in Sources */ = {isa = PBXBuildFile; fileRef = 876A6F121C46D7E700962441 /* FastLane.xcdatamodeld */; };
		876A6F161C46D7E700962441 /* Assets.xcassets in Resources */ = {isa = PBXBuildFile; fileRef = 876A6F151C46D7E700962441 /* Assets.xcassets */; };
		876A6F191C46D7E700962441 /* LaunchScreen.storyboard in Resources */ = {isa = PBXBuildFile; fileRef = 876A6F171C46D7E700962441 /* LaunchScreen.storyboard */; };
/* End PBXBuildFile section */

/* Begin PBXFileReference section */
		876A6F031C46D7E700962441 /* FastLane.app */ = {isa = PBXFileReference; explicitFileType = wrapper.application; includeInIndex = 0; path = FastLane.app; sourceTree = BUILT_PRODUCTS_DIR; };
		876A6F071C46D7E700962441 /* main.m */ = {isa = PBXFileReference; lastKnownFileType = sourcecode.c.objc; path = main.m; sourceTree = "<group>"; };
		876A6F091C46D7E700962441 /* AppDelegate.h */ = {isa = PBXFileReference; lastKnownFileType = sourcecode.c.h; path = AppDelegate.h; sourceTree = "<group>"; };
		876A6F0A1C46D7E700962441 /* AppDelegate.m */ = {isa = PBXFileReference; lastKnownFileType = sourcecode.c.objc; path = AppDelegate.m; sourceTree = "<group>"; };
		876A6F0C1C46D7E700962441 /* ViewController.h */ = {isa = PBXFileReference; lastKnownFileType = sourcecode.c.h; path = ViewController.h; sourceTree = "<group>"; };
		876A6F0D1C46D7E700962441 /* ViewController.m */ = {isa = PBXFileReference; lastKnownFileType = sourcecode.c.objc; path = ViewController.m; sourceTree = "<group>"; };
		876A6F101C46D7E700962441 /* Base */ = {isa = PBXFileReference; lastKnownFileType = file.storyboard; name = Base; path = Base.lproj/Main.storyboard; sourceTree = "<group>"; };
		876A6F131C46D7E700962441 /* FastLane.xcdatamodel */ = {isa = PBXFileReference; lastKnownFileType = wrapper.xcdatamodel; path = FastLane.xcdatamodel; sourceTree = "<group>"; };
		876A6F151C46D7E700962441 /* Assets.xcassets */ = {isa = PBXFileReference; lastKnownFileType = folder.assetcatalog; path = Assets.xcassets; sourceTree = "<group>"; };
		876A6F181C46D7E700962441 /* Base */ = {isa = PBXFileReference; lastKnownFileType = file.storyboard; name = Base; path = Base.lproj/LaunchScreen.storyboard; sourceTree = "<group>"; };
		876A6F1A1C46D7E700962441 /* Info.plist */ = {isa = PBXFileReference; lastKnownFileType = text.plist.xml; path = Info.plist; sourceTree = "<group>"; };
/* End PBXFileReference section */

/* Begin PBXFrameworksBuildPhase section */
		876A6F001C46D7E700962441 /* Frameworks */ = {
			isa = PBXFrameworksBuildPhase;
			buildActionMask = 2147483647;
			files = (
			);
			runOnlyForDeploymentPostprocessing = 0;
		};
/* End PBXFrameworksBuildPhase section */

/* Begin PBXGroup section */
		876A6EFA1C46D7E700962441 = {
			isa = PBXGroup;
			children = (
				876A6F051C46D7E700962441 /* FastLane */,
				876A6F041C46D7E700962441 /* Products */,
			);
			sourceTree = "<group>";
		};
		876A6F041C46D7E700962441 /* Products */ = {
			isa = PBXGroup;
			children = (
				876A6F031C46D7E700962441 /* FastLane.app */,
			);
			name = Products;
			sourceTree = "<group>";
		};
		876A6F051C46D7E700962441 /* FastLane */ = {
			isa = PBXGroup;
			children = (
				876A6F091C46D7E700962441 /* AppDelegate.h */,
				876A6F0A1C46D7E700962441 /* AppDelegate.m */,
				876A6F0C1C46D7E700962441 /* ViewController.h */,
				876A6F0D1C46D7E700962441 /* ViewController.m */,
				876A6F0F1C46D7E700962441 /* Main.storyboard */,
				876A6F151C46D7E700962441 /* Assets.xcassets */,
				876A6F171C46D7E700962441 /* LaunchScreen.storyboard */,
				876A6F1A1C46D7E700962441 /* Info.plist */,
				876A6F121C46D7E700962441 /* FastLane.xcdatamodeld */,
				876A6F061C46D7E700962441 /* Supporting Files */,
			);
			path = FastLane;
			sourceTree = "<group>";
		};
		876A6F061C46D7E700962441 /* Supporting Files */ = {
			isa = PBXGroup;
			children = (
				876A6F071C46D7E700962441 /* main.m */,
			);
			name = "Supporting Files";
			sourceTree = "<group>";
		};
/* End PBXGroup section */

/* Begin PBXNativeTarget section */
		876A6F021C46D7E700962441 /* FastLane */ = {
			isa = PBXNativeTarget;
			buildConfigurationList = 876A6F1D1C46D7E700962441 /* Build configuration list for PBXNativeTarget "FastLane" */;
			buildPhases = (
				876A6EFF1C46D7E700962441 /* Sources */,
				876A6F001C46D7E700962441 /* Frameworks */,
				876A6F011C46D7E700962441 /* Resources */,
			);
			buildRules = (
			);
			dependencies = (
			);
			name = FastLane;
			productName = FastLane;
			productReference = 876A6F031C46D7E700962441 /* FastLane.app */;
			productType = "com.apple.product-type.application";
		};
/* End PBXNativeTarget section */

/* Begin PBXProject section */
		876A6EFB1C46D7E700962441 /* Project object */ = {
			isa = PBXProject;
			attributes = {
				LastUpgradeCheck = 0720;
				ORGANIZATIONNAME = "Farley, Ryan";
				TargetAttributes = {
					876A6F021C46D7E700962441 = {
						CreatedOnToolsVersion = 7.2;
					};
				};
			};
			buildConfigurationList = 876A6EFE1C46D7E700962441 /* Build configuration list for PBXProject "FastLane" */;
			compatibilityVersion = "Xcode 3.2";
			developmentRegion = English;
			hasScannedForEncodings = 0;
			knownRegions = (
				en,
				Base,
			);
			mainGroup = 876A6EFA1C46D7E700962441;
			productRefGroup = 876A6F041C46D7E700962441 /* Products */;
			projectDirPath = "";
			projectRoot = "";
			targets = (
				876A6F021C46D7E700962441 /* FastLane */,
			);
		};
/* End PBXProject section */

/* Begin PBXResourcesBuildPhase section */
		876A6F011C46D7E700962441 /* Resources */ = {
			isa = PBXResourcesBuildPhase;
			buildActionMask = 2147483647;
			files = (
				876A6F191C46D7E700962441 /* LaunchScreen.storyboard in Resources */,
				876A6F161C46D7E700962441 /* Assets.xcassets in Resources */,
				876A6F111C46D7E700962441 /* Main.storyboard in Resources */,
			);
			runOnlyForDeploymentPostprocessing = 0;
		};
/* End PBXResourcesBuildPhase section */

/* Begin PBXSourcesBuildPhase section */
		876A6EFF1C46D7E700962441 /* Sources */ = {
			isa = PBXSourcesBuildPhase;
			buildActionMask = 2147483647;
			files = (
				876A6F0E1C46D7E700962441 /* ViewController.m in Sources */,
				876A6F0B1C46D7E700962441 /* AppDelegate.m in Sources */,
				876A6F081C46D7E700962441 /* main.m in Sources */,
				876A6F141C46D7E700962441 /* FastLane.xcdatamodeld in Sources */,
			);
			runOnlyForDeploymentPostprocessing = 0;
		};
/* End PBXSourcesBuildPhase section */

/* Begin PBXVariantGroup section */
		876A6F0F1C46D7E700962441 /* Main.storyboard */ = {
			isa = PBXVariantGroup;
			children = (
				876A6F101C46D7E700962441 /* Base */,
			);
			name = Main.storyboard;
			sourceTree = "<group>";
		};
		876A6F171C46D7E700962441 /* LaunchScreen.storyboard */ = {
			isa = PBXVariantGroup;
			children = (
				876A6F181C46D7E700962441 /* Base */,
			);
			name = LaunchScreen.storyboard;
			sourceTree = "<group>";
		};
/* End PBXVariantGroup section */

/* Begin XCBuildConfiguration section */
		876A6F1B1C46D7E700962441 /* Debug */ = {
			isa = XCBuildConfiguration;
			buildSettings = {
				ALWAYS_SEARCH_USER_PATHS = NO;
				CLANG_CXX_LANGUAGE_STANDARD = "gnu++0x";
				CLANG_CXX_LIBRARY = "libc++";
				CLANG_ENABLE_MODULES = YES;
				CLANG_ENABLE_OBJC_ARC = YES;
				CLANG_WARN_BOOL_CONVERSION = YES;
				CLANG_WARN_CONSTANT_CONVERSION = YES;
				CLANG_WARN_DIRECT_OBJC_ISA_USAGE = YES_ERROR;
				CLANG_WARN_EMPTY_BODY = YES;
				CLANG_WARN_ENUM_CONVERSION = YES;
				CLANG_WARN_INT_CONVERSION = YES;
				CLANG_WARN_OBJC_ROOT_CLASS = YES_ERROR;
				CLANG_WARN_UNREACHABLE_CODE = YES;
				CLANG_WARN__DUPLICATE_METHOD_MATCH = YES;
				"CODE_SIGN_IDENTITY[sdk=iphoneos*]" = "iPhone Developer";
				COPY_PHASE_STRIP = NO;
				DEBUG_INFORMATION_FORMAT = dwarf;
				ENABLE_STRICT_OBJC_MSGSEND = YES;
				ENABLE_TESTABILITY = YES;
				GCC_C_LANGUAGE_STANDARD = gnu99;
				GCC_DYNAMIC_NO_PIC = NO;
				GCC_NO_COMMON_BLOCKS = YES;
				GCC_OPTIMIZATION_LEVEL = 0;
				GCC_PREPROCESSOR_DEFINITIONS = (
					"DEBUG=1",
					"$(inherited)",
				);
				GCC_WARN_64_TO_32_BIT_CONVERSION = YES;
				GCC_WARN_ABOUT_RETURN_TYPE = YES_ERROR;
				GCC_WARN_UNDECLARED_SELECTOR = YES;
				GCC_WARN_UNINITIALIZED_AUTOS = YES_AGGRESSIVE;
				GCC_WARN_UNUSED_FUNCTION = YES;
				GCC_WARN_UNUSED_VARIABLE = YES;
				IPHONEOS_DEPLOYMENT_TARGET = 9.2;
				MTL_ENABLE_DEBUG_INFO = YES;
				ONLY_ACTIVE_ARCH = YES;
				SDKROOT = iphoneos;
				TARGETED_DEVICE_FAMILY = "1,2";
			};
			name = Debug;
		};
		876A6F1C1C46D7E700962441 /* Release */ = {
			isa = XCBuildConfiguration;
			buildSettings = {
				ALWAYS_SEARCH_USER_PATHS = NO;
				CLANG_CXX_LANGUAGE_STANDARD = "gnu++0x";
				CLANG_CXX_LIBRARY = "libc++";
				CLANG_ENABLE_MODULES = YES;
				CLANG_ENABLE_OBJC_ARC = YES;
				CLANG_WARN_BOOL_CONVERSION = YES;
				CLANG_WARN_CONSTANT_CONVERSION = YES;
				CLANG_WARN_DIRECT_OBJC_ISA_USAGE = YES_ERROR;
				CLANG_WARN_EMPTY_BODY = YES;
				CLANG_WARN_ENUM_CONVERSION = YES;
				CLANG_WARN_INT_CONVERSION = YES;
				CLANG_WARN_OBJC_ROOT_CLASS = YES_ERROR;
				CLANG_WARN_UNREACHABLE_CODE = YES;
				CLANG_WARN__DUPLICATE_METHOD_MATCH = YES;
				"CODE_SIGN_IDENTITY[sdk=iphoneos*]" = "iPhone Developer";
				COPY_PHASE_STRIP = NO;
				DEBUG_INFORMATION_FORMAT = "dwarf-with-dsym";
				ENABLE_NS_ASSERTIONS = NO;
				ENABLE_STRICT_OBJC_MSGSEND = YES;
				GCC_C_LANGUAGE_STANDARD = gnu99;
				GCC_NO_COMMON_BLOCKS = YES;
				GCC_WARN_64_TO_32_BIT_CONVERSION = YES;
				GCC_WARN_ABOUT_RETURN_TYPE = YES_ERROR;
				GCC_WARN_UNDECLARED_SELECTOR = YES;
				GCC_WARN_UNINITIALIZED_AUTOS = YES_AGGRESSIVE;
				GCC_WARN_UNUSED_FUNCTION = YES;
				GCC_WARN_UNUSED_VARIABLE = YES;
				IPHONEOS_DEPLOYMENT_TARGET = 9.2;
				MTL_ENABLE_DEBUG_INFO = NO;
				SDKROOT = iphoneos;
				TARGETED_DEVICE_FAMILY = "1,2";
				VALIDATE_PRODUCT = YES;
			};
			name = Release;
		};
		876A6F1E1C46D7E700962441 /* Debug */ = {
			isa = XCBuildConfiguration;
			buildSettings = {
				ASSETCATALOG_COMPILER_APPICON_NAME = AppIcon;
				INFOPLIST_FILE = FastLane/Info.plist;
				LD_RUNPATH_SEARCH_PATHS = "$(inherited) @executable_path/Frameworks";
				PRODUCT_BUNDLE_IDENTIFIER = com.agentten.FastLane;
				PRODUCT_NAME = "$(TARGET_NAME)";
			};
			name = Debug;
		};
		876A6F1F1C46D7E700962441 /* Release */ = {
			isa = XCBuildConfiguration;
			buildSettings = {
				ASSETCATALOG_COMPILER_APPICON_NAME = AppIcon;
				INFOPLIST_FILE = FastLane/Info.plist;
				LD_RUNPATH_SEARCH_PATHS = "$(inherited) @executable_path/Frameworks";
				PRODUCT_BUNDLE_IDENTIFIER = com.agentten.FastLane;
				PRODUCT_NAME = "$(TARGET_NAME)";
			};
			name = Release;
		};
/* End XCBuildConfiguration section */

/* Begin XCConfigurationList section */
		876A6EFE1C46D7E700962441 /* Build configuration list for PBXProject "FastLane" */ = {
			isa = XCConfigurationList;
			buildConfigurations = (
				876A6F1B1C46D7E700962441 /* Debug */,
				876A6F1C1C46D7E700962441 /* Release */,
			);
			defaultConfigurationIsVisible = 0;
			defaultConfigurationName = Release;
		};
		876A6F1D1C46D7E700962441 /* Build configuration list for PBXNativeTarget "FastLane" */ = {
			isa = XCConfigurationList;
			buildConfigurations = (
				876A6F1E1C46D7E700962441 /* Debug */,
				876A6F1F1C46D7E700962441 /* Release */,
			);
			defaultConfigurationIsVisible = 0;
		};
/* End XCConfigurationList section */

/* Begin XCVersionGroup section */
		876A6F121C46D7E700962441 /* FastLane.xcdatamodeld */ = {
			isa = XCVersionGroup;
			children = (
				876A6F131C46D7E700962441 /* FastLane.xcdatamodel */,
			);
			currentVersion = 876A6F131C46D7E700962441 /* FastLane.xcdatamodel */;
			path = FastLane.xcdatamodeld;
			sourceTree = "<group>";
			versionGroupType = wrapper.xcdatamodel;
		};
/* End XCVersionGroup section */
	};
	rootObject = 876A6EFB1C46D7E700962441 /* Project object */;
}
